
Microsoft Visual Studio Solution File, Format Version 12.00
# Visual Studio Version 17
VisualStudioVersion = 17.3.32929.385
MinimumVisualStudioVersion = 10.0.40219.1
Project("{FAE04EC0-301F-11D3-BF4B-00C04F79EFBC}") = "Open-Lab-10.00", "Open-Lab-10.00\Open-Lab-10.00.csproj", "{53A9A934-8A70-4E1A-8700-1AACFB7C2802}"
EndProject
Global
	GlobalSection(SolutionConfigurationPlatforms) = preSolution
		Debug|Any CPU = Debug|Any CPU
		Release|Any CPU = Release|Any CPU
	EndGlobalSection
	GlobalSection(ProjectConfigurationPlatforms) = postSolution
		{53A9A934-8A70-4E1A-8700-1AACFB7C2802}.Debug|Any CPU.ActiveCfg = Debug|Any CPU
		{53A9A934-8A70-4E1A-8700-1AACFB7C2802}.Debug|Any CPU.Build.0 = Debug|Any CPU
		{53A9A934-8A70-4E1A-8700-1AACFB7C2802}.Release|Any CPU.ActiveCfg = Release|Any CPU
		{53A9A934-8A70-4E1A-8700-1AACFB7C2802}.Release|Any CPU.Build.0 = Release|Any CPU
	EndGlobalSection
	GlobalSection(SolutionProperties) = preSolution
		HideSolutionNode = FALSE
	EndGlobalSection
	GlobalSection(ExtensibilityGlobals) = postSolution
		SolutionGuid = {94FA5F01-E0C6-4087-95EB-2001BE637CCE}
	EndGlobalSection
EndGlobal
